
Microsoft Visual Studio Solution File, Format Version 12.00
# Visual Studio 15
VisualStudioVersion = 15.0.28307.329
MinimumVisualStudioVersion = 10.0.40219.1
Project("{FAE04EC0-301F-11D3-BF4B-00C04F79EFBC}") = "Clase Persona", "Clase Persona\Clase Persona.csproj", "{4AEEB005-CD0C-4551-B592-F3794E5A00AA}"
EndProject
Global
	GlobalSection(SolutionConfigurationPlatforms) = preSolution
		Debug|Any CPU = Debug|Any CPU
		Release|Any CPU = Release|Any CPU
	EndGlobalSection
	GlobalSection(ProjectConfigurationPlatforms) = postSolution
		{4AEEB005-CD0C-4551-B592-F3794E5A00AA}.Debug|Any CPU.ActiveCfg = Debug|Any CPU
		{4AEEB005-CD0C-4551-B592-F3794E5A00AA}.Debug|Any CPU.Build.0 = Debug|Any CPU
		{4AEEB005-CD0C-4551-B592-F3794E5A00AA}.Release|Any CPU.ActiveCfg = Release|Any CPU
		{4AEEB005-CD0C-4551-B592-F3794E5A00AA}.Release|Any CPU.Build.0 = Release|Any CPU
	EndGlobalSection
	GlobalSection(SolutionProperties) = preSolution
		HideSolutionNode = FALSE
	EndGlobalSection
	GlobalSection(ExtensibilityGlobals) = postSolution
		SolutionGuid = {67D97157-4744-41B5-9FBC-733268C914A7}
	EndGlobalSection
EndGlobal
