
Microsoft Visual Studio Solution File, Format Version 12.00
# Visual Studio 15
VisualStudioVersion = 15.0.28307.136
MinimumVisualStudioVersion = 10.0.40219.1
Project("{FAE04EC0-301F-11D3-BF4B-00C04F79EFBC}") = "persona linq", "persona linq\persona linq.csproj", "{65A85D45-70A7-49E5-AAA7-68D4F0F6F9DF}"
EndProject
Global
	GlobalSection(SolutionConfigurationPlatforms) = preSolution
		Debug|Any CPU = Debug|Any CPU
		Release|Any CPU = Release|Any CPU
	EndGlobalSection
	GlobalSection(ProjectConfigurationPlatforms) = postSolution
		{65A85D45-70A7-49E5-AAA7-68D4F0F6F9DF}.Debug|Any CPU.ActiveCfg = Debug|Any CPU
		{65A85D45-70A7-49E5-AAA7-68D4F0F6F9DF}.Debug|Any CPU.Build.0 = Debug|Any CPU
		{65A85D45-70A7-49E5-AAA7-68D4F0F6F9DF}.Release|Any CPU.ActiveCfg = Release|Any CPU
		{65A85D45-70A7-49E5-AAA7-68D4F0F6F9DF}.Release|Any CPU.Build.0 = Release|Any CPU
	EndGlobalSection
	GlobalSection(SolutionProperties) = preSolution
		HideSolutionNode = FALSE
	EndGlobalSection
	GlobalSection(ExtensibilityGlobals) = postSolution
		SolutionGuid = {991F7759-8E2F-49A1-96A0-16C6E978323E}
	EndGlobalSection
EndGlobal
