
Microsoft Visual Studio Solution File, Format Version 12.00
# Visual Studio 15
VisualStudioVersion = 15.0.28307.329
MinimumVisualStudioVersion = 10.0.40219.1
Project("{FAE04EC0-301F-11D3-BF4B-00C04F79EFBC}") = "TRESEN RAYA", "TRESEN RAYA\TRESEN RAYA.csproj", "{CD144F5E-BE35-4C05-9D4A-BE246DB2A0EA}"
EndProject
Global
	GlobalSection(SolutionConfigurationPlatforms) = preSolution
		Debug|Any CPU = Debug|Any CPU
		Release|Any CPU = Release|Any CPU
	EndGlobalSection
	GlobalSection(ProjectConfigurationPlatforms) = postSolution
		{CD144F5E-BE35-4C05-9D4A-BE246DB2A0EA}.Debug|Any CPU.ActiveCfg = Debug|Any CPU
		{CD144F5E-BE35-4C05-9D4A-BE246DB2A0EA}.Debug|Any CPU.Build.0 = Debug|Any CPU
		{CD144F5E-BE35-4C05-9D4A-BE246DB2A0EA}.Release|Any CPU.ActiveCfg = Release|Any CPU
		{CD144F5E-BE35-4C05-9D4A-BE246DB2A0EA}.Release|Any CPU.Build.0 = Release|Any CPU
	EndGlobalSection
	GlobalSection(SolutionProperties) = preSolution
		HideSolutionNode = FALSE
	EndGlobalSection
	GlobalSection(ExtensibilityGlobals) = postSolution
		SolutionGuid = {FD719F64-C3B8-4903-BC45-930466C5D7FA}
	EndGlobalSection
EndGlobal
