
Microsoft Visual Studio Solution File, Format Version 12.00
# Visual Studio 15
VisualStudioVersion = 15.0.28307.136
MinimumVisualStudioVersion = 10.0.40219.1
Project("{FAE04EC0-301F-11D3-BF4B-00C04F79EFBC}") = "lista de alumnos", "lista de alumnos\lista de alumnos.csproj", "{600AA64D-DF5E-4DF0-868F-F14D9B09245F}"
EndProject
Global
	GlobalSection(SolutionConfigurationPlatforms) = preSolution
		Debug|Any CPU = Debug|Any CPU
		Release|Any CPU = Release|Any CPU
	EndGlobalSection
	GlobalSection(ProjectConfigurationPlatforms) = postSolution
		{600AA64D-DF5E-4DF0-868F-F14D9B09245F}.Debug|Any CPU.ActiveCfg = Debug|Any CPU
		{600AA64D-DF5E-4DF0-868F-F14D9B09245F}.Debug|Any CPU.Build.0 = Debug|Any CPU
		{600AA64D-DF5E-4DF0-868F-F14D9B09245F}.Release|Any CPU.ActiveCfg = Release|Any CPU
		{600AA64D-DF5E-4DF0-868F-F14D9B09245F}.Release|Any CPU.Build.0 = Release|Any CPU
	EndGlobalSection
	GlobalSection(SolutionProperties) = preSolution
		HideSolutionNode = FALSE
	EndGlobalSection
	GlobalSection(ExtensibilityGlobals) = postSolution
		SolutionGuid = {6E50F3B3-720F-48DE-88DD-E32D05F1CFD9}
	EndGlobalSection
EndGlobal
