
Microsoft Visual Studio Solution File, Format Version 12.00
# Visual Studio 15
VisualStudioVersion = 15.0.28307.136
MinimumVisualStudioVersion = 10.0.40219.1
Project("{FAE04EC0-301F-11D3-BF4B-00C04F79EFBC}") = "figonacci1", "figonacci1\figonacci1.csproj", "{97DCF0F4-F7E9-4DF7-8752-6204D993FC8E}"
EndProject
Global
	GlobalSection(SolutionConfigurationPlatforms) = preSolution
		Debug|Any CPU = Debug|Any CPU
		Release|Any CPU = Release|Any CPU
	EndGlobalSection
	GlobalSection(ProjectConfigurationPlatforms) = postSolution
		{97DCF0F4-F7E9-4DF7-8752-6204D993FC8E}.Debug|Any CPU.ActiveCfg = Debug|Any CPU
		{97DCF0F4-F7E9-4DF7-8752-6204D993FC8E}.Debug|Any CPU.Build.0 = Debug|Any CPU
		{97DCF0F4-F7E9-4DF7-8752-6204D993FC8E}.Release|Any CPU.ActiveCfg = Release|Any CPU
		{97DCF0F4-F7E9-4DF7-8752-6204D993FC8E}.Release|Any CPU.Build.0 = Release|Any CPU
	EndGlobalSection
	GlobalSection(SolutionProperties) = preSolution
		HideSolutionNode = FALSE
	EndGlobalSection
	GlobalSection(ExtensibilityGlobals) = postSolution
		SolutionGuid = {B27FD4E0-B8FE-400F-81D2-48C5DA6E3433}
	EndGlobalSection
EndGlobal
