
Microsoft Visual Studio Solution File, Format Version 12.00
# Visual Studio 15
VisualStudioVersion = 15.0.28307.136
MinimumVisualStudioVersion = 10.0.40219.1
Project("{FAE04EC0-301F-11D3-BF4B-00C04F79EFBC}") = "Ejercicio 6 Lamnda", "Ejercicio 6 Lamnda\Ejercicio 6 Lamnda.csproj", "{06B19C61-165A-40A4-A0A0-A0D4E194063D}"
EndProject
Global
	GlobalSection(SolutionConfigurationPlatforms) = preSolution
		Debug|Any CPU = Debug|Any CPU
		Release|Any CPU = Release|Any CPU
	EndGlobalSection
	GlobalSection(ProjectConfigurationPlatforms) = postSolution
		{06B19C61-165A-40A4-A0A0-A0D4E194063D}.Debug|Any CPU.ActiveCfg = Debug|Any CPU
		{06B19C61-165A-40A4-A0A0-A0D4E194063D}.Debug|Any CPU.Build.0 = Debug|Any CPU
		{06B19C61-165A-40A4-A0A0-A0D4E194063D}.Release|Any CPU.ActiveCfg = Release|Any CPU
		{06B19C61-165A-40A4-A0A0-A0D4E194063D}.Release|Any CPU.Build.0 = Release|Any CPU
	EndGlobalSection
	GlobalSection(SolutionProperties) = preSolution
		HideSolutionNode = FALSE
	EndGlobalSection
	GlobalSection(ExtensibilityGlobals) = postSolution
		SolutionGuid = {D7E11F74-3125-4FF9-950E-BD785E6B1325}
	EndGlobalSection
EndGlobal
