
Microsoft Visual Studio Solution File, Format Version 12.00
# Visual Studio 15
VisualStudioVersion = 15.0.28307.329
MinimumVisualStudioVersion = 10.0.40219.1
Project("{FAE04EC0-301F-11D3-BF4B-00C04F79EFBC}") = "TRES EN RAYA", "TRES EN RAYA\TRES EN RAYA.csproj", "{C627212A-7ACF-4ED9-ACF1-062E58B02439}"
EndProject
Global
	GlobalSection(SolutionConfigurationPlatforms) = preSolution
		Debug|Any CPU = Debug|Any CPU
		Release|Any CPU = Release|Any CPU
	EndGlobalSection
	GlobalSection(ProjectConfigurationPlatforms) = postSolution
		{C627212A-7ACF-4ED9-ACF1-062E58B02439}.Debug|Any CPU.ActiveCfg = Debug|Any CPU
		{C627212A-7ACF-4ED9-ACF1-062E58B02439}.Debug|Any CPU.Build.0 = Debug|Any CPU
		{C627212A-7ACF-4ED9-ACF1-062E58B02439}.Release|Any CPU.ActiveCfg = Release|Any CPU
		{C627212A-7ACF-4ED9-ACF1-062E58B02439}.Release|Any CPU.Build.0 = Release|Any CPU
	EndGlobalSection
	GlobalSection(SolutionProperties) = preSolution
		HideSolutionNode = FALSE
	EndGlobalSection
	GlobalSection(ExtensibilityGlobals) = postSolution
		SolutionGuid = {AD242A63-EB37-4CA0-82A3-94B3B83C38BD}
	EndGlobalSection
EndGlobal
