
Microsoft Visual Studio Solution File, Format Version 12.00
# Visual Studio 15
VisualStudioVersion = 15.0.28307.136
MinimumVisualStudioVersion = 10.0.40219.1
Project("{FAE04EC0-301F-11D3-BF4B-00C04F79EFBC}") = "pila", "pila\pila.csproj", "{743A4141-7BEC-4426-A3D3-E8E847D79B34}"
EndProject
Global
	GlobalSection(SolutionConfigurationPlatforms) = preSolution
		Debug|Any CPU = Debug|Any CPU
		Release|Any CPU = Release|Any CPU
	EndGlobalSection
	GlobalSection(ProjectConfigurationPlatforms) = postSolution
		{743A4141-7BEC-4426-A3D3-E8E847D79B34}.Debug|Any CPU.ActiveCfg = Debug|Any CPU
		{743A4141-7BEC-4426-A3D3-E8E847D79B34}.Debug|Any CPU.Build.0 = Debug|Any CPU
		{743A4141-7BEC-4426-A3D3-E8E847D79B34}.Release|Any CPU.ActiveCfg = Release|Any CPU
		{743A4141-7BEC-4426-A3D3-E8E847D79B34}.Release|Any CPU.Build.0 = Release|Any CPU
	EndGlobalSection
	GlobalSection(SolutionProperties) = preSolution
		HideSolutionNode = FALSE
	EndGlobalSection
	GlobalSection(ExtensibilityGlobals) = postSolution
		SolutionGuid = {7EC6E2A6-6A89-455E-9FC9-960CB10CB8AC}
	EndGlobalSection
EndGlobal
