
Microsoft Visual Studio Solution File, Format Version 12.00
# Visual Studio 15
VisualStudioVersion = 15.0.28307.136
MinimumVisualStudioVersion = 10.0.40219.1
Project("{FAE04EC0-301F-11D3-BF4B-00C04F79EFBC}") = "Ejercio1", "Ejercio1\Ejercio1.csproj", "{502EE392-ECE9-4E5F-B3CC-E2F0BC801C5D}"
EndProject
Global
	GlobalSection(SolutionConfigurationPlatforms) = preSolution
		Debug|Any CPU = Debug|Any CPU
		Release|Any CPU = Release|Any CPU
	EndGlobalSection
	GlobalSection(ProjectConfigurationPlatforms) = postSolution
		{502EE392-ECE9-4E5F-B3CC-E2F0BC801C5D}.Debug|Any CPU.ActiveCfg = Debug|Any CPU
		{502EE392-ECE9-4E5F-B3CC-E2F0BC801C5D}.Debug|Any CPU.Build.0 = Debug|Any CPU
		{502EE392-ECE9-4E5F-B3CC-E2F0BC801C5D}.Release|Any CPU.ActiveCfg = Release|Any CPU
		{502EE392-ECE9-4E5F-B3CC-E2F0BC801C5D}.Release|Any CPU.Build.0 = Release|Any CPU
	EndGlobalSection
	GlobalSection(SolutionProperties) = preSolution
		HideSolutionNode = FALSE
	EndGlobalSection
	GlobalSection(ExtensibilityGlobals) = postSolution
		SolutionGuid = {5627F08A-503E-49FF-B0B6-DDB5E962B4F2}
	EndGlobalSection
EndGlobal
