
Microsoft Visual Studio Solution File, Format Version 12.00
# Visual Studio 15
VisualStudioVersion = 15.0.28307.329
MinimumVisualStudioVersion = 10.0.40219.1
Project("{FAE04EC0-301F-11D3-BF4B-00C04F79EFBC}") = "cliente suma", "cliente suma\cliente suma.csproj", "{CF5B0757-3B4F-4697-8415-4A637B00F7A6}"
EndProject
Global
	GlobalSection(SolutionConfigurationPlatforms) = preSolution
		Debug|Any CPU = Debug|Any CPU
		Release|Any CPU = Release|Any CPU
	EndGlobalSection
	GlobalSection(ProjectConfigurationPlatforms) = postSolution
		{CF5B0757-3B4F-4697-8415-4A637B00F7A6}.Debug|Any CPU.ActiveCfg = Debug|Any CPU
		{CF5B0757-3B4F-4697-8415-4A637B00F7A6}.Debug|Any CPU.Build.0 = Debug|Any CPU
		{CF5B0757-3B4F-4697-8415-4A637B00F7A6}.Release|Any CPU.ActiveCfg = Release|Any CPU
		{CF5B0757-3B4F-4697-8415-4A637B00F7A6}.Release|Any CPU.Build.0 = Release|Any CPU
	EndGlobalSection
	GlobalSection(SolutionProperties) = preSolution
		HideSolutionNode = FALSE
	EndGlobalSection
	GlobalSection(ExtensibilityGlobals) = postSolution
		SolutionGuid = {42F374D0-9B59-4447-8780-2F0087585ECC}
	EndGlobalSection
EndGlobal
