
Microsoft Visual Studio Solution File, Format Version 12.00
# Visual Studio 15
VisualStudioVersion = 15.0.28307.136
MinimumVisualStudioVersion = 10.0.40219.1
Project("{FAE04EC0-301F-11D3-BF4B-00C04F79EFBC}") = "Pilaxamarin", "Pilaxamarin\Pilaxamarin.csproj", "{FDDA6845-6967-40FF-B3BE-3C7907C4D570}"
EndProject
Global
	GlobalSection(SolutionConfigurationPlatforms) = preSolution
		Debug|Any CPU = Debug|Any CPU
		Release|Any CPU = Release|Any CPU
	EndGlobalSection
	GlobalSection(ProjectConfigurationPlatforms) = postSolution
		{FDDA6845-6967-40FF-B3BE-3C7907C4D570}.Debug|Any CPU.ActiveCfg = Debug|Any CPU
		{FDDA6845-6967-40FF-B3BE-3C7907C4D570}.Debug|Any CPU.Build.0 = Debug|Any CPU
		{FDDA6845-6967-40FF-B3BE-3C7907C4D570}.Debug|Any CPU.Deploy.0 = Debug|Any CPU
		{FDDA6845-6967-40FF-B3BE-3C7907C4D570}.Release|Any CPU.ActiveCfg = Release|Any CPU
		{FDDA6845-6967-40FF-B3BE-3C7907C4D570}.Release|Any CPU.Build.0 = Release|Any CPU
		{FDDA6845-6967-40FF-B3BE-3C7907C4D570}.Release|Any CPU.Deploy.0 = Release|Any CPU
	EndGlobalSection
	GlobalSection(SolutionProperties) = preSolution
		HideSolutionNode = FALSE
	EndGlobalSection
	GlobalSection(ExtensibilityGlobals) = postSolution
		SolutionGuid = {A7CED3E6-D22B-43B9-9A77-BD69722B5221}
	EndGlobalSection
EndGlobal
