
Microsoft Visual Studio Solution File, Format Version 12.00
# Visual Studio 15
VisualStudioVersion = 15.0.28307.329
MinimumVisualStudioVersion = 10.0.40219.1
Project("{FAE04EC0-301F-11D3-BF4B-00C04F79EFBC}") = "ejercio console", "ejercio console\ejercio console.csproj", "{78125055-3E5C-40EE-9CCC-D468D940DC64}"
EndProject
Global
	GlobalSection(SolutionConfigurationPlatforms) = preSolution
		Debug|Any CPU = Debug|Any CPU
		Release|Any CPU = Release|Any CPU
	EndGlobalSection
	GlobalSection(ProjectConfigurationPlatforms) = postSolution
		{78125055-3E5C-40EE-9CCC-D468D940DC64}.Debug|Any CPU.ActiveCfg = Debug|Any CPU
		{78125055-3E5C-40EE-9CCC-D468D940DC64}.Debug|Any CPU.Build.0 = Debug|Any CPU
		{78125055-3E5C-40EE-9CCC-D468D940DC64}.Release|Any CPU.ActiveCfg = Release|Any CPU
		{78125055-3E5C-40EE-9CCC-D468D940DC64}.Release|Any CPU.Build.0 = Release|Any CPU
	EndGlobalSection
	GlobalSection(SolutionProperties) = preSolution
		HideSolutionNode = FALSE
	EndGlobalSection
	GlobalSection(ExtensibilityGlobals) = postSolution
		SolutionGuid = {11F8AFA7-67F3-4FE3-A8FF-8C5E7B16A81F}
	EndGlobalSection
EndGlobal
