
Microsoft Visual Studio Solution File, Format Version 12.00
# Visual Studio 15
VisualStudioVersion = 15.0.28307.136
MinimumVisualStudioVersion = 10.0.40219.1
Project("{FAE04EC0-301F-11D3-BF4B-00C04F79EFBC}") = "calculadora financiera", "calculadora financiera\calculadora financiera.csproj", "{DA81562A-9CB8-4F33-9208-6386B69133F1}"
EndProject
Global
	GlobalSection(SolutionConfigurationPlatforms) = preSolution
		Debug|Any CPU = Debug|Any CPU
		Release|Any CPU = Release|Any CPU
	EndGlobalSection
	GlobalSection(ProjectConfigurationPlatforms) = postSolution
		{DA81562A-9CB8-4F33-9208-6386B69133F1}.Debug|Any CPU.ActiveCfg = Debug|Any CPU
		{DA81562A-9CB8-4F33-9208-6386B69133F1}.Debug|Any CPU.Build.0 = Debug|Any CPU
		{DA81562A-9CB8-4F33-9208-6386B69133F1}.Debug|Any CPU.Deploy.0 = Debug|Any CPU
		{DA81562A-9CB8-4F33-9208-6386B69133F1}.Release|Any CPU.ActiveCfg = Release|Any CPU
		{DA81562A-9CB8-4F33-9208-6386B69133F1}.Release|Any CPU.Build.0 = Release|Any CPU
		{DA81562A-9CB8-4F33-9208-6386B69133F1}.Release|Any CPU.Deploy.0 = Release|Any CPU
	EndGlobalSection
	GlobalSection(SolutionProperties) = preSolution
		HideSolutionNode = FALSE
	EndGlobalSection
	GlobalSection(ExtensibilityGlobals) = postSolution
		SolutionGuid = {FF05598E-B1CD-457F-B570-D6469BAB56CF}
	EndGlobalSection
EndGlobal
